PODS:
  - AACarousel (1.1.0)
  - Alamofire (4.5.0)
  - AWSCore (2.6.8)
  - AWSS3 (2.6.8):
    - AWSCore (= 2.6.8)
  - Bolts-Swift (1.3.0)
  - Bolts/Tasks (1.8.4)
  - CalmParametricAnimations (1.0.1)
  - DeviceKit (1.0.1)
  - DownPicker (0.1.34)
  - Floaty (4.0.0)
  - IGColorPicker (0.3.0):
    - M13Checkbox (~> 2.2.0)
  - KenBurns (0.2.8):
    - CalmParametricAnimations (~> 1.0.1)
    - SDWebImage (~> 3.8.2)
  - M13Checkbox (2.2.6)
  - NVActivityIndicatorView (3.7.0):
    - NVActivityIndicatorView/Presenter (= 3.7.0)
  - NVActivityIndicatorView/Presenter (3.7.0)
  - Parse (1.15.2):
    - Bolts/Tasks (~> 1.8)
  - ParseLiveQuery (2.2.1):
    - Bolts-Swift (~> 1.3)
    - Parse (~> 1.15.0)
    - Starscream (= 2.1.1)
  - PopupDialog (0.5.4)
  - SDWebImage (3.8.2):
    - SDWebImage/Core (= 3.8.2)
  - SDWebImage/Core (3.8.2)
  - Starscream (2.1.1)
  - SwiftyJSON (3.1.4)
  - UITextView+Placeholder (1.2.0)
  - YouTubePlayer (0.4.0)

DEPENDENCIES:
  - AACarousel
  - Alamofire
  - AWSS3
  - DeviceKit
  - DownPicker
  - Floaty (from `https://github.com/kciter/Floaty.git`, tag `4.0.0`)
  - IGColorPicker
  - KenBurns
  - NVActivityIndicatorView
  - ParseLiveQuery
  - PopupDialog
  - SwiftyJSON
  - UITextView+Placeholder (~> 1.2)
  - YouTubePlayer

EXTERNAL SOURCES:
  Floaty:
    :git: https://github.com/kciter/Floaty.git
    :tag: 4.0.0

CHECKOUT OPTIONS:
  Floaty:
    :git: https://github.com/kciter/Floaty.git
    :tag: 4.0.0

SPEC CHECKSUMS:
  AACarousel: 6131fa3650201a3ce10b6581621f3cade221b079
  Alamofire: f28cdffd29de33a7bfa022cbd63ae95a27fae140
  AWSCore: 35fca7c45f37f5ffc4ddf75f7aa943f3588d9227
  AWSS3: 380f57d169fd4ebd0a5fca366b36563a3f6d87b2
  Bolts: 8a7995239dbe724f9cba2248b766d48b7ebdd322
  Bolts-Swift: fa98d1b59fc1acea9b21a21306dcdca1c85e3737
  CalmParametricAnimations: 8747c67d71e07be5e5b3b9d524560d1fbe74be94
  DeviceKit: 461e525867e48e725f41699c1cab3100df1258ff
  DownPicker: c00ea63f08ae82116cc93d0eba74e86bf3d4c68e
  Floaty: df27b72d9ed1e58d48aa3717327ffdb857268c63
  IGColorPicker: 645a9523b5ff756bf29e0a858d2fe06ea7b910ff
  KenBurns: 9224ab7ac7cda5e7fc6659fa6f2875f73360483c
  M13Checkbox: 9989b7e275f18493bd33b960dc68374c47d0027b
  NVActivityIndicatorView: d3738df7e2e476aca0ba6bf32a8c9fbcfc33d64b
  Parse: 7daa8804b876d250a65420534c97d2d786c3b0b4
  ParseLiveQuery: bc2321032ddae9d6ecfd4842d1b10210d453b08b
  PopupDialog: 75cf955693590b0cb2fdde00223fb65d99c57247
  SDWebImage: 098e97e6176540799c27e804c96653ee0833d13c
  Starscream: 142bd8ef24592d985daee9fa48c936070b85b15f
  SwiftyJSON: c2842d878f95482ffceec5709abc3d05680c0220
  UITextView+Placeholder: 77680995fcdd07c3f52ec92fe1150874a2ac89ff
  YouTubePlayer: 028451f6772f372d4759866db99824c676ac1473

PODFILE CHECKSUM: 3bbc77b11dc132009f0b0ce272765b59f5b94bad

COCOAPODS: 1.2.1.beta.1
