PODS:
  - Alamofire (4.8.0)
  - AWSCore (2.6.35)
  - AWSS3 (2.6.35):
    - AWSCore (= 2.6.35)
  - BEMCheckBox (1.4.1)
  - Bolts-Swift (1.3.0)
  - Bolts/Tasks (1.9.0)
  - DeviceKit (1.10.0)
  - DownPicker (0.1.34)
  - Floaty (4.0.1)
  - FXBlurView (1.6.4)
  - ImageSlideshow (1.7.0):
    - ImageSlideshow/Core (= 1.7.0)
  - ImageSlideshow/Core (1.7.0)
  - ISEmojiView (0.1.2)
  - JRSwizzle (1.0)
  - MercadoPagoSDK (4.0.12):
    - MercadoPagoSDK/Default (= 4.0.12)
  - MercadoPagoSDK/Default (4.0.12):
    - MLUI (~> 5.0)
  - MLUI (5.2.0):
    - MLUI/ActionButton (= 5.2.0)
    - MLUI/Core (= 5.2.0)
    - MLUI/Helpers (= 5.2.0)
    - MLUI/MLButton (= 5.2.0)
    - MLUI/MLCheckBox (= 5.2.0)
    - MLUI/MLColorPalette (= 5.2.0)
    - MLUI/MLContextualMenu (= 5.2.0)
    - MLUI/MLFonts (= 5.2.0)
    - MLUI/MLGenericErrorView (= 5.2.0)
    - MLUI/MLHtml (= 5.2.0)
    - MLUI/MLModal (= 5.2.0)
    - MLUI/MLRadioButton (= 5.2.0)
    - MLUI/MLSnackBar (= 5.2.0)
    - MLUI/MLSpacing (= 5.2.0)
    - MLUI/MLSpinner (= 5.2.0)
    - MLUI/MLSwitch (= 5.2.0)
    - MLUI/MLTextView (= 5.2.0)
    - MLUI/MLTitledMultiLineTextField (= 5.2.0)
    - MLUI/MLTitledSingleLineTextField (= 5.2.0)
    - MLUI/PriceView (= 5.2.0)
    - MLUI/SnackBarView (= 5.2.0)
    - MLUI/StyleSheet (= 5.2.0)
  - MLUI/ActionButton (5.2.0):
    - MLUI/Core
  - MLUI/Core (5.2.0):
    - MLUI/MLFonts
  - MLUI/Helpers (5.2.0)
  - MLUI/MLButton (5.2.0):
    - MLUI/MLColorPalette
    - MLUI/MLFonts
    - MLUI/MLSpinner
    - MLUI/StyleSheet
  - MLUI/MLCheckBox (5.2.0):
    - MLUI/MLColorPalette
  - MLUI/MLColorPalette (5.2.0)
  - MLUI/MLContextualMenu (5.2.0):
    - MLUI/MLColorPalette
    - MLUI/MLFonts
  - MLUI/MLFonts (5.2.0):
    - JRSwizzle (= 1.0)
    - MLUI/Helpers
    - MLUI/StyleSheet
  - MLUI/MLGenericErrorView (5.2.0):
    - MLUI/MLButton
    - MLUI/MLColorPalette
    - MLUI/MLSpacing
  - MLUI/MLHtml (5.2.0):
    - MLUI/MLFonts
  - MLUI/MLModal (5.2.0):
    - FXBlurView (~> 1.6)
    - MLUI/Core
    - MLUI/MLButton
    - MLUI/MLColorPalette
    - MLUI/MLFonts
    - MLUI/StyleSheet
  - MLUI/MLRadioButton (5.2.0):
    - MLUI/MLColorPalette
  - MLUI/MLSnackBar (5.2.0):
    - MLUI/Helpers
    - MLUI/MLButton
    - MLUI/MLColorPalette
    - MLUI/MLFonts
  - MLUI/MLSpacing (5.2.0):
    - JRSwizzle (= 1.0)
    - MLUI/MLFonts
  - MLUI/MLSpinner (5.2.0):
    - MLUI/MLColorPalette
    - MLUI/MLFonts
    - MLUI/StyleSheet
  - MLUI/MLSwitch (5.2.0):
    - MLUI/Helpers
    - MLUI/MLColorPalette
  - MLUI/MLTextView (5.2.0):
    - MLUI/MLColorPalette
    - MLUI/MLFonts
  - MLUI/MLTitledMultiLineTextField (5.2.0):
    - MLUI/MLColorPalette
    - MLUI/MLFonts
    - MLUI/MLTitledSingleLineTextField
    - MLUI/StyleSheet
  - MLUI/MLTitledSingleLineTextField (5.2.0):
    - MLUI/MLColorPalette
    - MLUI/MLFonts
    - MLUI/StyleSheet
  - MLUI/PriceView (5.2.0):
    - MLUI/Core
    - MLUI/MLFonts
  - MLUI/SnackBarView (5.2.0):
    - MLUI/Helpers
    - MLUI/MLFonts
  - MLUI/StyleSheet (5.2.0)
  - NVActivityIndicatorView (4.0.1):
    - NVActivityIndicatorView/Presenter (= 4.0.1)
  - NVActivityIndicatorView/Presenter (4.0.1)
  - Parse (1.17.2):
    - Parse/Core (= 1.17.2)
  - Parse/Core (1.17.2):
    - Bolts/Tasks (~> 1.9)
  - ParseLiveQuery (2.4.0):
    - Bolts-Swift (~> 1.3.0)
    - Parse (~> 1.17.0)
    - Starscream (~> 3.0.4)
  - PopupDialog (0.6.2)
  - PulsingHalo (0.2.8)
  - RSKImageCropper (2.2.1)
  - Starscream (3.0.6)
  - Stripe (14.0.0)
  - SwiftValidator (4.0.0)
  - SwiftyJSON (4.2.0)
  - TaskQueue (1.1.1)
  - "UITextView+Placeholder (1.2.1)"
  - youtube-ios-player-helper (0.1.6)
  - YouTubePlayer (0.4.0)

DEPENDENCIES:
  - Alamofire
  - AWSS3 (~> 2.6.32)
  - BEMCheckBox
  - Bolts-Swift (from `https://github.com/BoltsFramework/Bolts-Swift`, commit `e9baa72d04521c3b25ef4fa6fef12b340953ee02`)
  - DeviceKit
  - DownPicker
  - Floaty (~> 4.0.1)
  - ImageSlideshow
  - ISEmojiView
  - MercadoPagoSDK
  - NVActivityIndicatorView (~> 4.0.1)
  - Parse
  - ParseLiveQuery
  - PopupDialog (~> 0.6.0)
  - PulsingHalo
  - RSKImageCropper
  - Stripe
  - SwiftValidator (from `https://github.com/jpotts18/SwiftValidator.git`, branch `master`)
  - SwiftyJSON
  - TaskQueue
  - "UITextView+Placeholder"
  - youtube-ios-player-helper (~> 0.1.4)
  - YouTubePlayer

SPEC REPOS:
  https://github.com/cocoapods/specs.git:
    - Alamofire
    - AWSCore
    - AWSS3
    - BEMCheckBox
    - Bolts
    - DeviceKit
    - DownPicker
    - Floaty
    - FXBlurView
    - ImageSlideshow
    - ISEmojiView
    - JRSwizzle
    - MercadoPagoSDK
    - MLUI
    - NVActivityIndicatorView
    - Parse
    - ParseLiveQuery
    - PopupDialog
    - PulsingHalo
    - RSKImageCropper
    - Starscream
    - Stripe
    - SwiftyJSON
    - TaskQueue
    - "UITextView+Placeholder"
    - youtube-ios-player-helper
    - YouTubePlayer

EXTERNAL SOURCES:
  Bolts-Swift:
    :commit: e9baa72d04521c3b25ef4fa6fef12b340953ee02
    :git: https://github.com/BoltsFramework/Bolts-Swift
  SwiftValidator:
    :branch: master
    :git: https://github.com/jpotts18/SwiftValidator.git

CHECKOUT OPTIONS:
  Bolts-Swift:
    :commit: e9baa72d04521c3b25ef4fa6fef12b340953ee02
    :git: https://github.com/BoltsFramework/Bolts-Swift
  SwiftValidator:
    :commit: c0ee801a2d107eca5f748d07932b449666d8effd
    :git: https://github.com/jpotts18/SwiftValidator.git

SPEC CHECKSUMS:
  Alamofire: 3ec537f71edc9804815215393ae2b1a8ea33a844
  AWSCore: 2dab62ef2e5ca5d8c72c6cbdb3a6ea1532c27c2b
  AWSS3: 282a590bb47e9cd88de24979fb28954399c41c52
  BEMCheckBox: 5ba6e37ade3d3657b36caecc35c8b75c6c2b1a4e
  Bolts: ac6567323eac61e203f6a9763667d0f711be34c8
  Bolts-Swift: fa98d1b59fc1acea9b21a21306dcdca1c85e3737
  DeviceKit: 2a6cf0d1ec05e2ac7f9b24cdfdb3cb358900a247
  DownPicker: c00ea63f08ae82116cc93d0eba74e86bf3d4c68e
  Floaty: 82854e1a5ef4fa208281ebd4da2f3d1e51ba67a6
  FXBlurView: db786c2561cb49a09ae98407f52460096ab8a44f
  ImageSlideshow: f8eec5e37a980f60923b585ff23b0e140fd24018
  ISEmojiView: 5b53bdf057ddf484b92e70064a1cc46b5fedf7ea
  JRSwizzle: dd5ead5d913a0f29e7f558200165849f006bb1e3
  MercadoPagoSDK: 7341cb870406fa49ea9dd1bfe6c938bb28219fb3
  MLUI: f2de892289a9914a21d64fc95bbb1296afe6cf89
  NVActivityIndicatorView: 77ed6d7b571643e24899e7858bf9ae2ee4c21f31
  Parse: 3b31a3dd1777b07ee7f0caee32fafbff544483a5
  ParseLiveQuery: 0ea078a12015d64070d0ae07da32fae3d3198c42
  PopupDialog: d4336d7274a6aa3af4cb26d8b6691510eba90cc3
  PulsingHalo: 64938e4bd3893b823abdf01478084cd92445af2b
  RSKImageCropper: 98296ad26b41753f796b6898d015509598f13d97
  Starscream: ef3ece99d765eeccb67de105bfa143f929026cf5
  Stripe: db29ad197c74aca6fb981e4e8355cf7ebd0fca5a
  SwiftValidator: 25ded5ca1f10c05adf57f6ac82a72d28ac8d91af
  SwiftyJSON: c4bcba26dd9ec7a027fc8eade48e2c911f229e96
  TaskQueue: 53a3cdaf817d9ce3cd50837ff6610aeb7b968997
  "UITextView+Placeholder": 0c3efd97f37ea64bde7f34cc6e90fe02e87b3909
  youtube-ios-player-helper: 21ab92db027c7ff86cb17a3843a3f6eafc8158d2
  YouTubePlayer: 028451f6772f372d4759866db99824c676ac1473

PODFILE CHECKSUM: 3297e502a6850661c42eabb8749af09dc96850cc

COCOAPODS: 1.5.3
