PODS:
  - Alamofire (4.8.2)
  - Atributika (4.8.2)
  - AWSCore (2.6.35)
  - AWSS3 (2.6.35):
    - AWSCore (= 2.6.35)
  - BEMCheckBox (1.4.1)
  - Bolts (1.9.0):
    - Bolts/AppLinks (= 1.9.0)
    - Bolts/Tasks (= 1.9.0)
  - Bolts-Swift (1.4.0)
  - Bolts/AppLinks (1.9.0):
    - Bolts/Tasks
  - Bolts/Tasks (1.9.0)
  - Crashlytics (3.12.0):
    - Fabric (~> 1.9.0)
  - DeviceKit (2.0.0)
  - DownPicker (0.1.34)
  - Fabric (1.9.0)
  - Firebase/Core (6.0.0):
    - Firebase/CoreOnly
    - FirebaseAnalytics (= 6.0.0)
  - Firebase/CoreOnly (6.0.0):
    - FirebaseCore (= 6.0.0)
  - FirebaseAnalytics (6.0.0):
    - FirebaseCore (~> 6.0)
    - FirebaseInstanceID (~> 4.0)
    - GoogleAppMeasurement (= 6.0.0)
    - GoogleUtilities/AppDelegateSwizzler (~> 6.0)
    - GoogleUtilities/MethodSwizzler (~> 6.0)
    - GoogleUtilities/Network (~> 6.0)
    - "GoogleUtilities/NSData+zlib (~> 6.0)"
    - nanopb (~> 0.3)
  - FirebaseCore (6.0.0):
    - GoogleUtilities/Environment (~> 6.0)
    - GoogleUtilities/Logger (~> 6.0)
  - FirebaseInstanceID (4.0.0):
    - FirebaseCore (~> 6.0)
    - GoogleUtilities/Environment (~> 6.0)
    - GoogleUtilities/UserDefaults (~> 6.0)
  - Floaty (4.0.1)
  - GoogleAppMeasurement (6.0.0):
    - GoogleUtilities/AppDelegateSwizzler (~> 6.0)
    - GoogleUtilities/MethodSwizzler (~> 6.0)
    - GoogleUtilities/Network (~> 6.0)
    - "GoogleUtilities/NSData+zlib (~> 6.0)"
    - nanopb (~> 0.3)
  - GoogleUtilities/AppDelegateSwizzler (6.1.0):
    - GoogleUtilities/Environment
    - GoogleUtilities/Logger
    - GoogleUtilities/Network
  - GoogleUtilities/Environment (6.1.0)
  - GoogleUtilities/Logger (6.1.0):
    - GoogleUtilities/Environment
  - GoogleUtilities/MethodSwizzler (6.1.0):
    - GoogleUtilities/Logger
  - GoogleUtilities/Network (6.1.0):
    - GoogleUtilities/Logger
    - "GoogleUtilities/NSData+zlib"
    - GoogleUtilities/Reachability
  - "GoogleUtilities/NSData+zlib (6.1.0)"
  - GoogleUtilities/Reachability (6.1.0):
    - GoogleUtilities/Logger
  - GoogleUtilities/UserDefaults (6.1.0):
    - GoogleUtilities/Logger
  - ImageSlideshow (1.7.0):
    - ImageSlideshow/Core (= 1.7.0)
  - ImageSlideshow/Core (1.7.0)
  - ISEmojiView (0.2.1)
  - nanopb (0.3.901):
    - nanopb/decode (= 0.3.901)
    - nanopb/encode (= 0.3.901)
  - nanopb/decode (0.3.901)
  - nanopb/encode (0.3.901)
  - NVActivityIndicatorView (4.0.1):
    - NVActivityIndicatorView/Presenter (= 4.0.1)
  - NVActivityIndicatorView/Presenter (4.0.1)
  - Parse (1.17.2):
    - Parse/Core (= 1.17.2)
  - Parse/Core (1.17.2):
    - Bolts/Tasks (~> 1.9)
  - ParseLiveQuery (2.5.0):
    - Bolts (~> 1.9.0)
    - Bolts-Swift (~> 1.4.0)
    - Parse (~> 1.17.0)
    - Starscream (~> 3.0.4)
  - PopupDialog (0.6.2)
  - PulsingHalo (0.2.8)
  - RSKImageCropper (2.2.1)
  - Starscream (3.0.6)
  - Stripe (15.0.1)
  - SwiftValidator (4.0.0)
  - SwiftyJSON (5.0.0)
  - TaskQueue (1.1.1)
  - "UITextView+Placeholder (1.2.1)"
  - youtube-ios-player-helper (0.1.6)
  - YouTubePlayer (0.4.0)

DEPENDENCIES:
  - Alamofire
  - Atributika
  - AWSS3 (~> 2.6.32)
  - BEMCheckBox
  - Bolts-Swift
  - Crashlytics (~> 3.12.0)
  - DeviceKit
  - DownPicker
  - Fabric (~> 1.9.0)
  - Firebase/Core
  - Floaty (~> 4.0.1)
  - ImageSlideshow
  - ISEmojiView
  - NVActivityIndicatorView (~> 4.0.1)
  - Parse
  - ParseLiveQuery
  - PopupDialog (~> 0.6.0)
  - PulsingHalo
  - RSKImageCropper
  - Stripe
  - SwiftValidator (from `https://github.com/jpotts18/SwiftValidator.git`, branch `master`)
  - SwiftyJSON
  - TaskQueue
  - "UITextView+Placeholder"
  - youtube-ios-player-helper (~> 0.1.4)
  - YouTubePlayer

SPEC REPOS:
  https://github.com/cocoapods/specs.git:
    - Alamofire
    - Atributika
    - AWSCore
    - AWSS3
    - BEMCheckBox
    - Bolts
    - Bolts-Swift
    - Crashlytics
    - DeviceKit
    - DownPicker
    - Fabric
    - Firebase
    - FirebaseAnalytics
    - FirebaseCore
    - FirebaseInstanceID
    - Floaty
    - GoogleAppMeasurement
    - GoogleUtilities
    - ImageSlideshow
    - ISEmojiView
    - nanopb
    - NVActivityIndicatorView
    - Parse
    - ParseLiveQuery
    - PopupDialog
    - PulsingHalo
    - RSKImageCropper
    - Starscream
    - Stripe
    - SwiftyJSON
    - TaskQueue
    - "UITextView+Placeholder"
    - youtube-ios-player-helper
    - YouTubePlayer

EXTERNAL SOURCES:
  SwiftValidator:
    :branch: master
    :git: https://github.com/jpotts18/SwiftValidator.git

CHECKOUT OPTIONS:
  SwiftValidator:
    :commit: 2d03c5479e611386fbdf523209c64d2dd09ebd26
    :git: https://github.com/jpotts18/SwiftValidator.git

SPEC CHECKSUMS:
  Alamofire: ae5c501addb7afdbb13687d7f2f722c78734c2d3
  Atributika: 7b3631032cf11f2197b352343e0bd1b783d8ca88
  AWSCore: 2dab62ef2e5ca5d8c72c6cbdb3a6ea1532c27c2b
  AWSS3: 282a590bb47e9cd88de24979fb28954399c41c52
  BEMCheckBox: 5ba6e37ade3d3657b36caecc35c8b75c6c2b1a4e
  Bolts: ac6567323eac61e203f6a9763667d0f711be34c8
  Bolts-Swift: 650d72e8017721b1a6bbe43d542c4578f8e5ba6f
  Crashlytics: 07fb167b1694128c1c9a5a5cc319b0e9c3ca0933
  DeviceKit: 72d36709552d4b3582abd76a53949148acad9811
  DownPicker: c00ea63f08ae82116cc93d0eba74e86bf3d4c68e
  Fabric: f988e33c97f08930a413e08123064d2e5f68d655
  Firebase: fa80b9d987ca014a1ba9357496ef2a0178b28b12
  FirebaseAnalytics: 1743c5f4de3687d0745709dfdc4b1dea1484f44c
  FirebaseCore: e38f025287b413255a53acc1945d048a112047f7
  FirebaseInstanceID: 0e0348a3c00a734fa376a070f5ad4533ad975cb5
  Floaty: 82854e1a5ef4fa208281ebd4da2f3d1e51ba67a6
  GoogleAppMeasurement: 7f028ea162b72c8f326daec74afc95d94f7a47d6
  GoogleUtilities: 84df567c76ca84f67b7bb40e769fdd4acc746a10
  ImageSlideshow: f8eec5e37a980f60923b585ff23b0e140fd24018
  ISEmojiView: 0a9f9f84716ef08beed06b58032cde26bcdc9dc1
  nanopb: 2901f78ea1b7b4015c860c2fdd1ea2fee1a18d48
  NVActivityIndicatorView: 77ed6d7b571643e24899e7858bf9ae2ee4c21f31
  Parse: 3b31a3dd1777b07ee7f0caee32fafbff544483a5
  ParseLiveQuery: 84cce90a2ee3af04ed51249bc1734c4a6dbe09ab
  PopupDialog: d4336d7274a6aa3af4cb26d8b6691510eba90cc3
  PulsingHalo: 64938e4bd3893b823abdf01478084cd92445af2b
  RSKImageCropper: 98296ad26b41753f796b6898d015509598f13d97
  Starscream: ef3ece99d765eeccb67de105bfa143f929026cf5
  Stripe: 2c4d0a88817361a102886315ff452d90f65e898b
  SwiftValidator: 58c155c8ae8421ef716a96e52a49984dd54c700c
  SwiftyJSON: 36413e04c44ee145039d332b4f4e2d3e8d6c4db7
  TaskQueue: 53a3cdaf817d9ce3cd50837ff6610aeb7b968997
  "UITextView+Placeholder": 0c3efd97f37ea64bde7f34cc6e90fe02e87b3909
  youtube-ios-player-helper: 21ab92db027c7ff86cb17a3843a3f6eafc8158d2
  YouTubePlayer: 028451f6772f372d4759866db99824c676ac1473

PODFILE CHECKSUM: 5fea09889688b1774d90952512d5dadf67153910

COCOAPODS: 1.5.3
